{\n  \"name\": \"petclinic-angular\",\n  \"version\": \"0.0.0\",\n  \"lockfileVersion\": 3,\n  \"requires\": true,\n  \"packages\": {\n    \"\": {\n      \"name\": \"petclinic-angular\",\n      \"version\": \"0.0.0\",\n      \"dependencies\": {\n        \"@angular/animations\": \"^16.2.0\",\n        \"@angular/common\": \"^16.2.0\",\n        \"@angular/compiler\": \"^16.2.0\",\n        \"@angular/core\": \"^16.2.0\",\n        \"@angular/forms\": \"^16.2.0\",\n        \"@angular/platform-browser\": \"^16.2.0\",\n        \"@angular/platform-browser-dynamic\": \"^16.2.0\",\n        \"@angular/router\": \"^16.2.0\",\n        \"bootstrap\": \"^5.3.0\",\n        \"rxjs\": \"~7.8.0\",\n        \"tslib\": \"^2.3.0\",\n        \"zone.js\": \"~0.13.0\"\n      },\n      \"devDependencies\": {\n        \"@angular-devkit/build-angular\": \"^16.2.6\",\n        \"@angular/cli\": \"^16.2.6\",\n        \"@angular/compiler-cli\": \"^16.2.0\",\n        \"@types/jasmine\": \"~4.3.0\",\n        \"jasmine-core\": \"~4.6.0\",\n        \"karma\": \"~6.4.0\",\n        \"karma-chrome-launcher\": \"~3.2.0\",\n        \"karma-coverage\": \"~2.2.0\",\n        \"karma-jasmine\": \"~5.1.0\",\n        \"karma-jasmine-html-reporter\": \"~2.1.0\",\n        \"typescript\": \"~5.1.3\"\n      }\n    }\n  }\n}\n